
Microsoft Visual Studio Solution File, Format Version 12.00
Project("{FAE04EC0-301F-11D3-BF4B-00C04F79EFBC}") = "DemoYARP.BlueGreenDeployments", "DemoYARP.BlueGreenDeployments\DemoYARP.BlueGreenDeployments.csproj", "{791CDD94-ADE3-49FC-BFEE-37E05124292D}"
EndProject
Project("{2150E333-8FDC-42A3-9474-1A3956D46DE8}") = "5.BlueGreen", "5.BlueGreen", "{BEECD2EB-B3E9-4E17-B330-D2CCE8C8B9B3}"
EndProject
Project("{2150E333-8FDC-42A3-9474-1A3956D46DE8}") = "2.LoadBalancer", "2.LoadBalancer", "{7F16E0B5-0118-4348-809C-544541C7564F}"
EndProject
Project("{2150E333-8FDC-42A3-9474-1A3956D46DE8}") = "6.Transforms", "6.Transforms", "{BFA2C2B0-E604-4A82-9D9F-0C5980EE5FF6}"
EndProject
Project("{2150E333-8FDC-42A3-9474-1A3956D46DE8}") = "3.HeaderRouting", "3.HeaderRouting", "{6C8287B1-693A-4A00-B3A4-2DF5F4D8A9C9}"
EndProject
Project("{2150E333-8FDC-42A3-9474-1A3956D46DE8}") = "4.AuthenticationAndAuthorization", "4.AuthenticationAndAuthorization", "{1F4F0E43-5504-4D07-87C3-0497D497F8DB}"
EndProject
Project("{2150E333-8FDC-42A3-9474-1A3956D46DE8}") = "1.ReverseProxy", "1.ReverseProxy", "{0208971D-4CFA-402C-835D-FE98600E3596}"
EndProject
Project("{FAE04EC0-301F-11D3-BF4B-00C04F79EFBC}") = "DemoYARP.BasicSetup", "DemoYARP.BasicSetup\DemoYARP.BasicSetup.csproj", "{70E02F5E-DE5B-4FB9-BEC5-3AF73BAEDD88}"
EndProject
Project("{FAE04EC0-301F-11D3-BF4B-00C04F79EFBC}") = "DemoYARP.site", "DemoYARP.site\DemoYARP.site.csproj", "{EB101D61-D0E4-457C-A480-86BCF950069B}"
EndProject
Project("{FAE04EC0-301F-11D3-BF4B-00C04F79EFBC}") = "DemoYARP.sitetwo", "DemoYARP.sitetwo\DemoYARP.sitetwo.csproj", "{B851BAD8-274A-44ED-AA2A-59D5668C43FB}"
EndProject
Project("{FAE04EC0-301F-11D3-BF4B-00C04F79EFBC}") = "DemoYARP.LoadBalancer", "DemoYARP.LoadBalancer\DemoYARP.LoadBalancer.csproj", "{7901A2E9-2A57-4653-8BF4-CD5FF93746E0}"
EndProject
Project("{FAE04EC0-301F-11D3-BF4B-00C04F79EFBC}") = "DemoYARP.HeaderRouter", "DemoYARP.HeaderRouter\DemoYARP.HeaderRouter.csproj", "{5CC04D80-C8C7-4A0C-8A06-059ADB5CB0A6}"
EndProject
Project("{FAE04EC0-301F-11D3-BF4B-00C04F79EFBC}") = "DemoYARP.Transforms", "DemoYARP.Transforms\DemoYARP.Transforms.csproj", "{28546668-6E7E-4B84-B109-D5543691C7D0}"
EndProject
Global
	GlobalSection(SolutionConfigurationPlatforms) = preSolution
		Debug|Any CPU = Debug|Any CPU
		Release|Any CPU = Release|Any CPU
	EndGlobalSection
	GlobalSection(ProjectConfigurationPlatforms) = postSolution
		{791CDD94-ADE3-49FC-BFEE-37E05124292D}.Debug|Any CPU.ActiveCfg = Debug|Any CPU
		{791CDD94-ADE3-49FC-BFEE-37E05124292D}.Debug|Any CPU.Build.0 = Debug|Any CPU
		{791CDD94-ADE3-49FC-BFEE-37E05124292D}.Release|Any CPU.ActiveCfg = Release|Any CPU
		{791CDD94-ADE3-49FC-BFEE-37E05124292D}.Release|Any CPU.Build.0 = Release|Any CPU
		{70E02F5E-DE5B-4FB9-BEC5-3AF73BAEDD88}.Debug|Any CPU.ActiveCfg = Debug|Any CPU
		{70E02F5E-DE5B-4FB9-BEC5-3AF73BAEDD88}.Debug|Any CPU.Build.0 = Debug|Any CPU
		{70E02F5E-DE5B-4FB9-BEC5-3AF73BAEDD88}.Release|Any CPU.ActiveCfg = Release|Any CPU
		{70E02F5E-DE5B-4FB9-BEC5-3AF73BAEDD88}.Release|Any CPU.Build.0 = Release|Any CPU
		{EB101D61-D0E4-457C-A480-86BCF950069B}.Debug|Any CPU.ActiveCfg = Debug|Any CPU
		{EB101D61-D0E4-457C-A480-86BCF950069B}.Debug|Any CPU.Build.0 = Debug|Any CPU
		{EB101D61-D0E4-457C-A480-86BCF950069B}.Release|Any CPU.ActiveCfg = Release|Any CPU
		{EB101D61-D0E4-457C-A480-86BCF950069B}.Release|Any CPU.Build.0 = Release|Any CPU
		{B851BAD8-274A-44ED-AA2A-59D5668C43FB}.Debug|Any CPU.ActiveCfg = Debug|Any CPU
		{B851BAD8-274A-44ED-AA2A-59D5668C43FB}.Debug|Any CPU.Build.0 = Debug|Any CPU
		{B851BAD8-274A-44ED-AA2A-59D5668C43FB}.Release|Any CPU.ActiveCfg = Release|Any CPU
		{B851BAD8-274A-44ED-AA2A-59D5668C43FB}.Release|Any CPU.Build.0 = Release|Any CPU
		{7901A2E9-2A57-4653-8BF4-CD5FF93746E0}.Debug|Any CPU.ActiveCfg = Debug|Any CPU
		{7901A2E9-2A57-4653-8BF4-CD5FF93746E0}.Debug|Any CPU.Build.0 = Debug|Any CPU
		{7901A2E9-2A57-4653-8BF4-CD5FF93746E0}.Release|Any CPU.ActiveCfg = Release|Any CPU
		{7901A2E9-2A57-4653-8BF4-CD5FF93746E0}.Release|Any CPU.Build.0 = Release|Any CPU
		{5CC04D80-C8C7-4A0C-8A06-059ADB5CB0A6}.Debug|Any CPU.ActiveCfg = Debug|Any CPU
		{5CC04D80-C8C7-4A0C-8A06-059ADB5CB0A6}.Debug|Any CPU.Build.0 = Debug|Any CPU
		{5CC04D80-C8C7-4A0C-8A06-059ADB5CB0A6}.Release|Any CPU.ActiveCfg = Release|Any CPU
		{5CC04D80-C8C7-4A0C-8A06-059ADB5CB0A6}.Release|Any CPU.Build.0 = Release|Any CPU
		{28546668-6E7E-4B84-B109-D5543691C7D0}.Debug|Any CPU.ActiveCfg = Debug|Any CPU
		{28546668-6E7E-4B84-B109-D5543691C7D0}.Debug|Any CPU.Build.0 = Debug|Any CPU
		{28546668-6E7E-4B84-B109-D5543691C7D0}.Release|Any CPU.ActiveCfg = Release|Any CPU
		{28546668-6E7E-4B84-B109-D5543691C7D0}.Release|Any CPU.Build.0 = Release|Any CPU
	EndGlobalSection
	GlobalSection(NestedProjects) = preSolution
		{791CDD94-ADE3-49FC-BFEE-37E05124292D} = {BEECD2EB-B3E9-4E17-B330-D2CCE8C8B9B3}
		{70E02F5E-DE5B-4FB9-BEC5-3AF73BAEDD88} = {0208971D-4CFA-402C-835D-FE98600E3596}
	EndGlobalSection
EndGlobal
